
Microsoft Visual Studio Solution File, Format Version 12.00
# Visual Studio Version 17
VisualStudioVersion = 17.0.32014.148
MinimumVisualStudioVersion = 10.0.40219.1
Project("{FAE04EC0-301F-11D3-BF4B-00C04F79EFBC}") = "AppExemploMenu", "AppExemploMenu\AppExemploMenu.csproj", "{71A16BED-0AAB-4025-ADA7-85101213DB5F}"
EndProject
Global
	GlobalSection(SolutionConfigurationPlatforms) = preSolution
		Debug|Any CPU = Debug|Any CPU
		Release|Any CPU = Release|Any CPU
	EndGlobalSection
	GlobalSection(ProjectConfigurationPlatforms) = postSolution
		{71A16BED-0AAB-4025-ADA7-85101213DB5F}.Debug|Any CPU.ActiveCfg = Debug|Any CPU
		{71A16BED-0AAB-4025-ADA7-85101213DB5F}.Debug|Any CPU.Build.0 = Debug|Any CPU
		{71A16BED-0AAB-4025-ADA7-85101213DB5F}.Release|Any CPU.ActiveCfg = Release|Any CPU
		{71A16BED-0AAB-4025-ADA7-85101213DB5F}.Release|Any CPU.Build.0 = Release|Any CPU
	EndGlobalSection
	GlobalSection(SolutionProperties) = preSolution
		HideSolutionNode = FALSE
	EndGlobalSection
	GlobalSection(ExtensibilityGlobals) = postSolution
		SolutionGuid = {0FFC9AEF-1895-4DD6-9B67-3CF275FC40FC}
	EndGlobalSection
EndGlobal
